PODS:
  - FSNetworkManager (1.0.1)
  - Kingfisher (7.10.1)

DEPENDENCIES:
  - FSNetworkManager (from `../FSNetworkManager`)
  - Kingfisher

SPEC REPOS:
  trunk:
    - Kingfisher

EXTERNAL SOURCES:
  FSNetworkManager:
    :path: "../FSNetworkManager"

SPEC CHECKSUMS:
  FSNetworkManager: 99df5fa4c9bc9485e50656158032a4408bf17f6b
  Kingfisher: bc5abe80a8e0144537ef1dd5a0b2621b04f7f439

PODFILE CHECKSUM: ddf9d65b97f1a17723627d8331d0802f9d2f4edc

COCOAPODS: 1.14.3
