PODS:
  - FSNetworkManager (1.1.0)
  - Kingfisher (7.10.1)

DEPENDENCIES:
  - FSNetworkManager
  - Kingfisher

SPEC REPOS:
  trunk:
    - FSNetworkManager
    - Kingfisher

SPEC CHECKSUMS:
  FSNetworkManager: 5b025f96d4081173f8869e5ac9d09d52cee3913f
  Kingfisher: bc5abe80a8e0144537ef1dd5a0b2621b04f7f439

PODFILE CHECKSUM: ff3034fa13cfc6f08994e58d9c25de03b5a4c731

COCOAPODS: 1.14.3
