PODS:
  - FSNetworkManager (1.1.1)
  - Kingfisher (7.11.0)

DEPENDENCIES:
  - FSNetworkManager
  - Kingfisher

SPEC REPOS:
  trunk:
    - FSNetworkManager
    - Kingfisher

SPEC CHECKSUMS:
  FSNetworkManager: 62c01edc618fbc13fc3dd22924074581414b89d4
  Kingfisher: b9c985d864d43515f404f1ef4a8ce7d802ace3ac

PODFILE CHECKSUM: ff3034fa13cfc6f08994e58d9c25de03b5a4c731

COCOAPODS: 1.14.3
